
Microsoft Visual Studio Solution File, Format Version 12.00
# Visual Studio 14
VisualStudioVersion = 14.0.25420.1
MinimumVisualStudioVersion = 10.0.40219.1
Project("{FAE04EC0-301F-11D3-BF4B-00C04F79EFBC}") = "AppTest", "AppTest\AppTest.csproj", "{92840CEB-BCE1-4270-9BEE-E4465B5350E7}"
EndProject
Global
	GlobalSection(SolutionConfigurationPlatforms) = preSolution
		Ad-Hoc|iPhone = Ad-Hoc|iPhone
		Ad-Hoc|iPhoneSimulator = Ad-Hoc|iPhoneSimulator
		AppStore|iPhone = AppStore|iPhone
		AppStore|iPhoneSimulator = AppStore|iPhoneSimulator
		Debug|iPhone = Debug|iPhone
		Debug|iPhoneSimulator = Debug|iPhoneSimulator
		Release|iPhone = Release|iPhone
		Release|iPhoneSimulator = Release|iPhoneSimulator
	EndGlobalSection
	GlobalSection(ProjectConfigurationPlatforms) = postSolution
		{92840CEB-BCE1-4270-9BEE-E4465B5350E7}.Ad-Hoc|iPhone.ActiveCfg = Ad-Hoc|iPhone
		{92840CEB-BCE1-4270-9BEE-E4465B5350E7}.Ad-Hoc|iPhone.Build.0 = Ad-Hoc|iPhone
		{92840CEB-BCE1-4270-9BEE-E4465B5350E7}.Ad-Hoc|iPhoneSimulator.ActiveCfg = Ad-Hoc|iPhoneSimulator
		{92840CEB-BCE1-4270-9BEE-E4465B5350E7}.Ad-Hoc|iPhoneSimulator.Build.0 = Ad-Hoc|iPhoneSimulator
		{92840CEB-BCE1-4270-9BEE-E4465B5350E7}.AppStore|iPhone.ActiveCfg = AppStore|iPhone
		{92840CEB-BCE1-4270-9BEE-E4465B5350E7}.AppStore|iPhone.Build.0 = AppStore|iPhone
		{92840CEB-BCE1-4270-9BEE-E4465B5350E7}.AppStore|iPhoneSimulator.ActiveCfg = AppStore|iPhoneSimulator
		{92840CEB-BCE1-4270-9BEE-E4465B5350E7}.AppStore|iPhoneSimulator.Build.0 = AppStore|iPhoneSimulator
		{92840CEB-BCE1-4270-9BEE-E4465B5350E7}.Debug|iPhone.ActiveCfg = Debug|iPhone
		{92840CEB-BCE1-4270-9BEE-E4465B5350E7}.Debug|iPhone.Build.0 = Debug|iPhone
		{92840CEB-BCE1-4270-9BEE-E4465B5350E7}.Debug|iPhoneSimulator.ActiveCfg = Debug|iPhoneSimulator
		{92840CEB-BCE1-4270-9BEE-E4465B5350E7}.Debug|iPhoneSimulator.Build.0 = Debug|iPhoneSimulator
		{92840CEB-BCE1-4270-9BEE-E4465B5350E7}.Release|iPhone.ActiveCfg = Release|iPhone
		{92840CEB-BCE1-4270-9BEE-E4465B5350E7}.Release|iPhone.Build.0 = Release|iPhone
		{92840CEB-BCE1-4270-9BEE-E4465B5350E7}.Release|iPhoneSimulator.ActiveCfg = Release|iPhoneSimulator
		{92840CEB-BCE1-4270-9BEE-E4465B5350E7}.Release|iPhoneSimulator.Build.0 = Release|iPhoneSimulator
	EndGlobalSection
	GlobalSection(SolutionProperties) = preSolution
		HideSolutionNode = FALSE
	EndGlobalSection
EndGlobal
